
Microsoft Visual Studio Solution File, Format Version 12.00
# Visual Studio Version 16
VisualStudioVersion = 16.0.30717.126
MinimumVisualStudioVersion = 10.0.40219.1
Project("{9A19103F-16F7-4668-BE54-9A1E7A4F7556}") = "CleanCodeLaborationOne", "CleanCodeLaborationOne.csproj", "{E24BD5C9-820F-450E-830D-1A0F604390F1}"
EndProject
Project("{9A19103F-16F7-4668-BE54-9A1E7A4F7556}") = "CleanCodeLaborationOneTests", "CleanCodeLaborationOneTests.csproj", "{D152D974-7161-4E5A-BCA8-DBA4D6F0326A}"
EndProject
Global
	GlobalSection(SolutionConfigurationPlatforms) = preSolution
		Debug|Any CPU = Debug|Any CPU
		Release|Any CPU = Release|Any CPU
	EndGlobalSection
	GlobalSection(ProjectConfigurationPlatforms) = postSolution
		{E24BD5C9-820F-450E-830D-1A0F604390F1}.Debug|Any CPU.ActiveCfg = Debug|Any CPU
		{E24BD5C9-820F-450E-830D-1A0F604390F1}.Debug|Any CPU.Build.0 = Debug|Any CPU
		{E24BD5C9-820F-450E-830D-1A0F604390F1}.Release|Any CPU.ActiveCfg = Release|Any CPU
		{E24BD5C9-820F-450E-830D-1A0F604390F1}.Release|Any CPU.Build.0 = Release|Any CPU
		{D152D974-7161-4E5A-BCA8-DBA4D6F0326A}.Debug|Any CPU.ActiveCfg = Debug|Any CPU
		{D152D974-7161-4E5A-BCA8-DBA4D6F0326A}.Debug|Any CPU.Build.0 = Debug|Any CPU
		{D152D974-7161-4E5A-BCA8-DBA4D6F0326A}.Release|Any CPU.ActiveCfg = Release|Any CPU
		{D152D974-7161-4E5A-BCA8-DBA4D6F0326A}.Release|Any CPU.Build.0 = Release|Any CPU
	EndGlobalSection
	GlobalSection(SolutionProperties) = preSolution
		HideSolutionNode = FALSE
	EndGlobalSection
	GlobalSection(ExtensibilityGlobals) = postSolution
		SolutionGuid = {DBCDA423-A6F9-454D-A23F-48EBDB05022A}
	EndGlobalSection
EndGlobal
